// !$*UTF8*$!
{
	archiveVersion = 1;
	classes = {
	};
	objectVersion = 46;
	objects = {

/* Begin PBXBuildFile section */
		A160B3111DC0F41800D15E61 /* AppDelegate.swift in Sources */ = {isa = PBXBuildFile; fileRef = A160B3101DC0F41800D15E61 /* AppDelegate.swift */; };
		A160B3131DC0F41800D15E61 /* MainVC.swift in Sources */ = {isa = PBXBuildFile; fileRef = A160B3121DC0F41800D15E61 /* MainVC.swift */; };
		A160B3161DC0F41800D15E61 /* Main.storyboard in Resources */ = {isa = PBXBuildFile; fileRef = A160B3141DC0F41800D15E61 /* Main.storyboard */; };
		A160B3181DC0F41800D15E61 /* Assets.xcassets in Resources */ = {isa = PBXBuildFile; fileRef = A160B3171DC0F41800D15E61 /* Assets.xcassets */; };
		A160B31B1DC0F41800D15E61 /* LaunchScreen.storyboard in Resources */ = {isa = PBXBuildFile; fileRef = A160B3191DC0F41800D15E61 /* LaunchScreen.storyboard */; };
		A160B3281DC0FD6900D15E61 /* VideoVC.swift in Sources */ = {isa = PBXBuildFile; fileRef = A160B3271DC0FD6900D15E61 /* VideoVC.swift */; };
/* End PBXBuildFile section */

/* Begin PBXFileReference section */
		A160B30D1DC0F41800D15E61 /* PartyRockApp.app */ = {isa = PBXFileReference; explicitFileType = wrapper.application; includeInIndex = 0; path = PartyRockApp.app; sourceTree = BUILT_PRODUCTS_DIR; };
		A160B3101DC0F41800D15E61 /* AppDelegate.swift */ = {isa = PBXFileReference; lastKnownFileType = sourcecode.swift; path = AppDelegate.swift; sourceTree = "<group>"; };
		A160B3121DC0F41800D15E61 /* MainVC.swift */ = {isa = PBXFileReference; lastKnownFileType = sourcecode.swift; path = MainVC.swift; sourceTree = "<group>"; };
		A160B3151DC0F41800D15E61 /* Base */ = {isa = PBXFileReference; lastKnownFileType = file.storyboard; name = Base; path = Base.lproj/Main.storyboard; sourceTree = "<group>"; };
		A160B3171DC0F41800D15E61 /* Assets.xcassets */ = {isa = PBXFileReference; lastKnownFileType = folder.assetcatalog; path = Assets.xcassets; sourceTree = "<group>"; };
		A160B31A1DC0F41800D15E61 /* Base */ = {isa = PBXFileReference; lastKnownFileType = file.storyboard; name = Base; path = Base.lproj/LaunchScreen.storyboard; sourceTree = "<group>"; };
		A160B31C1DC0F41800D15E61 /* Info.plist */ = {isa = PBXFileReference; lastKnownFileType = text.plist.xml; path = Info.plist; sourceTree = "<group>"; };
		A160B3271DC0FD6900D15E61 /* VideoVC.swift */ = {isa = PBXFileReference; fileEncoding = 4; lastKnownFileType = sourcecode.swift; path = VideoVC.swift; sourceTree = "<group>"; };
/* End PBXFileReference section */

/* Begin PBXFrameworksBuildPhase section */
		A160B30A1DC0F41800D15E61 /* Frameworks */ = {
			isa = PBXFrameworksBuildPhase;
			buildActionMask = 2147483647;
			files = (
			);
			runOnlyForDeploymentPostprocessing = 0;
		};
/* End PBXFrameworksBuildPhase section */

/* Begin PBXGroup section */
		A160B3041DC0F41800D15E61 = {
			isa = PBXGroup;
			children = (
				A160B30F1DC0F41800D15E61 /* PartyRockApp */,
				A160B30E1DC0F41800D15E61 /* Products */,
			);
			sourceTree = "<group>";
		};
		A160B30E1DC0F41800D15E61 /* Products */ = {
			isa = PBXGroup;
			children = (
				A160B30D1DC0F41800D15E61 /* PartyRockApp.app */,
			);
			name = Products;
			sourceTree = "<group>";
		};
		A160B30F1DC0F41800D15E61 /* PartyRockApp */ = {
			isa = PBXGroup;
			children = (
				A160B3241DC0F73C00D15E61 /* Model */,
				A160B3231DC0F73500D15E61 /* View */,
				A160B3221DC0F72600D15E61 /* Control */,
				A160B3101DC0F41800D15E61 /* AppDelegate.swift */,
				A160B3141DC0F41800D15E61 /* Main.storyboard */,
				A160B3171DC0F41800D15E61 /* Assets.xcassets */,
				A160B3191DC0F41800D15E61 /* LaunchScreen.storyboard */,
				A160B31C1DC0F41800D15E61 /* Info.plist */,
			);
			path = PartyRockApp;
			sourceTree = "<group>";
		};
		A160B3221DC0F72600D15E61 /* Control */ = {
			isa = PBXGroup;
			children = (
				A160B3121DC0F41800D15E61 /* MainVC.swift */,
				A160B3271DC0FD6900D15E61 /* VideoVC.swift */,
			);
			name = Control;
			sourceTree = "<group>";
		};
		A160B3231DC0F73500D15E61 /* View */ = {
			isa = PBXGroup;
			children = (
			);
			name = View;
			sourceTree = "<group>";
		};
		A160B3241DC0F73C00D15E61 /* Model */ = {
			isa = PBXGroup;
			children = (
			);
			name = Model;
			sourceTree = "<group>";
		};
/* End PBXGroup section */

/* Begin PBXNativeTarget section */
		A160B30C1DC0F41800D15E61 /* PartyRockApp */ = {
			isa = PBXNativeTarget;
			buildConfigurationList = A160B31F1DC0F41800D15E61 /* Build configuration list for PBXNativeTarget "PartyRockApp" */;
			buildPhases = (
				A160B3091DC0F41800D15E61 /* Sources */,
				A160B30A1DC0F41800D15E61 /* Frameworks */,
				A160B30B1DC0F41800D15E61 /* Resources */,
			);
			buildRules = (
			);
			dependencies = (
			);
			name = PartyRockApp;
			productName = PartyRockApp;
			productReference = A160B30D1DC0F41800D15E61 /* PartyRockApp.app */;
			productType = "com.apple.product-type.application";
		};
/* End PBXNativeTarget section */

/* Begin PBXProject section */
		A160B3051DC0F41800D15E61 /* Project object */ = {
			isa = PBXProject;
			attributes = {
				LastSwiftUpdateCheck = 0800;
				LastUpgradeCheck = 0800;
				ORGANIZATIONNAME = luka;
				TargetAttributes = {
					A160B30C1DC0F41800D15E61 = {
						CreatedOnToolsVersion = 8.0;
						DevelopmentTeam = TA6EM644FC;
						ProvisioningStyle = Automatic;
					};
				};
			};
			buildConfigurationList = A160B3081DC0F41800D15E61 /* Build configuration list for PBXProject "PartyRockApp" */;
			compatibilityVersion = "Xcode 3.2";
			developmentRegion = English;
			hasScannedForEncodings = 0;
			knownRegions = (
				en,
				Base,
			);
			mainGroup = A160B3041DC0F41800D15E61;
			productRefGroup = A160B30E1DC0F41800D15E61 /* Products */;
			projectDirPath = "";
			projectRoot = "";
			targets = (
				A160B30C1DC0F41800D15E61 /* PartyRockApp */,
			);
		};
/* End PBXProject section */

/* Begin PBXResourcesBuildPhase section */
		A160B30B1DC0F41800D15E61 /* Resources */ = {
			isa = PBXResourcesBuildPhase;
			buildActionMask = 2147483647;
			files = (
				A160B31B1DC0F41800D15E61 /* LaunchScreen.storyboard in Resources */,
				A160B3181DC0F41800D15E61 /* Assets.xcassets in Resources */,
				A160B3161DC0F41800D15E61 /* Main.storyboard in Resources */,
			);
			runOnlyForDeploymentPostprocessing = 0;
		};
/* End PBXResourcesBuildPhase section */

/* Begin PBXSourcesBuildPhase section */
		A160B3091DC0F41800D15E61 /* Sources */ = {
			isa = PBXSourcesBuildPhase;
			buildActionMask = 2147483647;
			files = (
				A160B3281DC0FD6900D15E61 /* VideoVC.swift in Sources */,
				A160B3131DC0F41800D15E61 /* MainVC.swift in Sources */,
				A160B3111DC0F41800D15E61 /* AppDelegate.swift in Sources */,
			);
			runOnlyForDeploymentPostprocessing = 0;
		};
/* End PBXSourcesBuildPhase section */

/* Begin PBXVariantGroup section */
		A160B3141DC0F41800D15E61 /* Main.storyboard */ = {
			isa = PBXVariantGroup;
			children = (
				A160B3151DC0F41800D15E61 /* Base */,
			);
			name = Main.storyboard;
			sourceTree = "<group>";
		};
		A160B3191DC0F41800D15E61 /* LaunchScreen.storyboard */ = {
			isa = PBXVariantGroup;
			children = (
				A160B31A1DC0F41800D15E61 /* Base */,
			);
			name = LaunchScreen.storyboard;
			sourceTree = "<group>";
		};
/* End PBXVariantGroup section */

/* Begin XCBuildConfiguration section */
		A160B31D1DC0F41800D15E61 /* Debug */ = {
			isa = XCBuildConfiguration;
			buildSettings = {
				ALWAYS_SEARCH_USER_PATHS = NO;
				CLANG_ANALYZER_NONNULL = YES;
				CLANG_CXX_LANGUAGE_STANDARD = "gnu++0x";
				CLANG_CXX_LIBRARY = "libc++";
				CLANG_ENABLE_MODULES = YES;
				CLANG_ENABLE_OBJC_ARC = YES;
				CLANG_WARN_BOOL_CONVERSION = YES;
				CLANG_WARN_CONSTANT_CONVERSION = YES;
				CLANG_WARN_DIRECT_OBJC_ISA_USAGE = YES_ERROR;
				CLANG_WARN_DOCUMENTATION_COMMENTS = YES;
				CLANG_WARN_EMPTY_BODY = YES;
				CLANG_WARN_ENUM_CONVERSION = YES;
				CLANG_WARN_INFINITE_RECURSION = YES;
				CLANG_WARN_INT_CONVERSION = YES;
				CLANG_WARN_OBJC_ROOT_CLASS = YES_ERROR;
				CLANG_WARN_SUSPICIOUS_MOVES = YES;
				CLANG_WARN_UNREACHABLE_CODE = YES;
				CLANG_WARN__DUPLICATE_METHOD_MATCH = YES;
				"CODE_SIGN_IDENTITY[sdk=iphoneos*]" = "iPhone Developer";
				COPY_PHASE_STRIP = NO;
				DEBUG_INFORMATION_FORMAT = dwarf;
				ENABLE_STRICT_OBJC_MSGSEND = YES;
				ENABLE_TESTABILITY = YES;
				GCC_C_LANGUAGE_STANDARD = gnu99;
				GCC_DYNAMIC_NO_PIC = NO;
				GCC_NO_COMMON_BLOCKS = YES;
				GCC_OPTIMIZATION_LEVEL = 0;
				GCC_PREPROCESSOR_DEFINITIONS = (
					"DEBUG=1",
					"$(inherited)",
				);
				GCC_WARN_64_TO_32_BIT_CONVERSION = YES;
				GCC_WARN_ABOUT_RETURN_TYPE = YES_ERROR;
				GCC_WARN_UNDECLARED_SELECTOR = YES;
				GCC_WARN_UNINITIALIZED_AUTOS = YES_AGGRESSIVE;
				GCC_WARN_UNUSED_FUNCTION = YES;
				GCC_WARN_UNUSED_VARIABLE = YES;
				IPHONEOS_DEPLOYMENT_TARGET = 10.0;
				MTL_ENABLE_DEBUG_INFO = YES;
				ONLY_ACTIVE_ARCH = YES;
				SDKROOT = iphoneos;
				SWIFT_ACTIVE_COMPILATION_CONDITIONS = DEBUG;
				SWIFT_OPTIMIZATION_LEVEL = "-Onone";
				TARGETED_DEVICE_FAMILY = "1,2";
			};
			name = Debug;
		};
		A160B31E1DC0F41800D15E61 /* Release */ = {
			isa = XCBuildConfiguration;
			buildSettings = {
				ALWAYS_SEARCH_USER_PATHS = NO;
				CLANG_ANALYZER_NONNULL = YES;
				CLANG_CXX_LANGUAGE_STANDARD = "gnu++0x";
				CLANG_CXX_LIBRARY = "libc++";
				CLANG_ENABLE_MODULES = YES;
				CLANG_ENABLE_OBJC_ARC = YES;
				CLANG_WARN_BOOL_CONVERSION = YES;
				CLANG_WARN_CONSTANT_CONVERSION = YES;
				CLANG_WARN_DIRECT_OBJC_ISA_USAGE = YES_ERROR;
				CLANG_WARN_DOCUMENTATION_COMMENTS = YES;
				CLANG_WARN_EMPTY_BODY = YES;
				CLANG_WARN_ENUM_CONVERSION = YES;
				CLANG_WARN_INFINITE_RECURSION = YES;
				CLANG_WARN_INT_CONVERSION = YES;
				CLANG_WARN_OBJC_ROOT_CLASS = YES_ERROR;
				CLANG_WARN_SUSPICIOUS_MOVES = YES;
				CLANG_WARN_UNREACHABLE_CODE = YES;
				CLANG_WARN__DUPLICATE_METHOD_MATCH = YES;
				"CODE_SIGN_IDENTITY[sdk=iphoneos*]" = "iPhone Developer";
				COPY_PHASE_STRIP = NO;
				DEBUG_INFORMATION_FORMAT = "dwarf-with-dsym";
				ENABLE_NS_ASSERTIONS = NO;
				ENABLE_STRICT_OBJC_MSGSEND = YES;
				GCC_C_LANGUAGE_STANDARD = gnu99;
				GCC_NO_COMMON_BLOCKS = YES;
				GCC_WARN_64_TO_32_BIT_CONVERSION = YES;
				GCC_WARN_ABOUT_RETURN_TYPE = YES_ERROR;
				GCC_WARN_UNDECLARED_SELECTOR = YES;
				GCC_WARN_UNINITIALIZED_AUTOS = YES_AGGRESSIVE;
				GCC_WARN_UNUSED_FUNCTION = YES;
				GCC_WARN_UNUSED_VARIABLE = YES;
				IPHONEOS_DEPLOYMENT_TARGET = 10.0;
				MTL_ENABLE_DEBUG_INFO = NO;
				SDKROOT = iphoneos;
				SWIFT_OPTIMIZATION_LEVEL = "-Owholemodule";
				TARGETED_DEVICE_FAMILY = "1,2";
				VALIDATE_PRODUCT = YES;
			};
			name = Release;
		};
		A160B3201DC0F41800D15E61 /* Debug */ = {
			isa = XCBuildConfiguration;
			buildSettings = {
				ASSETCATALOG_COMPILER_APPICON_NAME = AppIcon;
				DEVELOPMENT_TEAM = TA6EM644FC;
				INFOPLIST_FILE = PartyRockApp/Info.plist;
				LD_RUNPATH_SEARCH_PATHS = "$(inherited) @executable_path/Frameworks";
				PRODUCT_BUNDLE_IDENTIFIER = luka.PartyRockApp;
				PRODUCT_NAME = "$(TARGET_NAME)";
				SWIFT_VERSION = 3.0;
			};
			name = Debug;
		};
		A160B3211DC0F41800D15E61 /* Release */ = {
			isa = XCBuildConfiguration;
			buildSettings = {
				ASSETCATALOG_COMPILER_APPICON_NAME = AppIcon;
				DEVELOPMENT_TEAM = TA6EM644FC;
				INFOPLIST_FILE = PartyRockApp/Info.plist;
				LD_RUNPATH_SEARCH_PATHS = "$(inherited) @executable_path/Frameworks";
				PRODUCT_BUNDLE_IDENTIFIER = luka.PartyRockApp;
				PRODUCT_NAME = "$(TARGET_NAME)";
				SWIFT_VERSION = 3.0;
			};
			name = Release;
		};
/* End XCBuildConfiguration section */

/* Begin XCConfigurationList section */
		A160B3081DC0F41800D15E61 /* Build configuration list for PBXProject "PartyRockApp" */ = {
			isa = XCConfigurationList;
			buildConfigurations = (
				A160B31D1DC0F41800D15E61 /* Debug */,
				A160B31E1DC0F41800D15E61 /* Release */,
			);
			defaultConfigurationIsVisible = 0;
			defaultConfigurationName = Release;
		};
		A160B31F1DC0F41800D15E61 /* Build configuration list for PBXNativeTarget "PartyRockApp" */ = {
			isa = XCConfigurationList;
			buildConfigurations = (
				A160B3201DC0F41800D15E61 /* Debug */,
				A160B3211DC0F41800D15E61 /* Release */,
			);
			defaultConfigurationIsVisible = 0;
		};
/* End XCConfigurationList section */
	};
	rootObject = A160B3051DC0F41800D15E61 /* Project object */;
}
